
Microsoft Visual Studio Solution File, Format Version 12.00
# Visual Studio Version 17
VisualStudioVersion = 17.10.35013.160
MinimumVisualStudioVersion = 10.0.40219.1
Project("{FAE04EC0-301F-11D3-BF4B-00C04F79EFBC}") = "GameZone", "GameZone.csproj", "{C19A29BD-C946-443F-B91A-8F02EA0E7729}"
EndProject
Global
	GlobalSection(SolutionConfigurationPlatforms) = preSolution
		Debug|Any CPU = Debug|Any CPU
		Release|Any CPU = Release|Any CPU
	EndGlobalSection
	GlobalSection(ProjectConfigurationPlatforms) = postSolution
		{C19A29BD-C946-443F-B91A-8F02EA0E7729}.Debug|Any CPU.ActiveCfg = Debug|Any CPU
		{C19A29BD-C946-443F-B91A-8F02EA0E7729}.Debug|Any CPU.Build.0 = Debug|Any CPU
		{C19A29BD-C946-443F-B91A-8F02EA0E7729}.Release|Any CPU.ActiveCfg = Release|Any CPU
		{C19A29BD-C946-443F-B91A-8F02EA0E7729}.Release|Any CPU.Build.0 = Release|Any CPU
	EndGlobalSection
	GlobalSection(SolutionProperties) = preSolution
		HideSolutionNode = FALSE
	EndGlobalSection
	GlobalSection(ExtensibilityGlobals) = postSolution
		SolutionGuid = {54EDFB51-AE28-41D5-90B9-69F68D6008FB}
	EndGlobalSection
EndGlobal
